// !$*UTF8*$!
{
	archiveVersion = 1;
	classes = {
	};
	objectVersion = 55;
	objects = {

/* Begin PBXBuildFile section */
		11980F7E289E662300B1EB9D /* AppDelegate.swift in Sources */ = {isa = PBXBuildFile; fileRef = 11980F7D289E662300B1EB9D /* AppDelegate.swift */; };
		11980F80289E662300B1EB9D /* SceneDelegate.swift in Sources */ = {isa = PBXBuildFile; fileRef = 11980F7F289E662300B1EB9D /* SceneDelegate.swift */; };
		11980F82289E662300B1EB9D /* ViewController.swift in Sources */ = {isa = PBXBuildFile; fileRef = 11980F81289E662300B1EB9D /* ViewController.swift */; };
		11980F85289E662300B1EB9D /* Main.storyboard in Resources */ = {isa = PBXBuildFile; fileRef = 11980F83289E662300B1EB9D /* Main.storyboard */; };
		11980F87289E662600B1EB9D /* Assets.xcassets in Resources */ = {isa = PBXBuildFile; fileRef = 11980F86289E662600B1EB9D /* Assets.xcassets */; };
		11980F8A289E662600B1EB9D /* LaunchScreen.storyboard in Resources */ = {isa = PBXBuildFile; fileRef = 11980F88289E662600B1EB9D /* LaunchScreen.storyboard */; };
		11980F94289E67F800B1EB9D /* MagicCards.swift in Sources */ = {isa = PBXBuildFile; fileRef = 11980F93289E67F800B1EB9D /* MagicCards.swift */; };
		11980F97289E6AE500B1EB9D /* CustomTableViewCell.swift in Sources */ = {isa = PBXBuildFile; fileRef = 11980F95289E6AE500B1EB9D /* CustomTableViewCell.swift */; };
		11980F98289E6AE500B1EB9D /* CustomTableViewCell.xib in Resources */ = {isa = PBXBuildFile; fileRef = 11980F96289E6AE500B1EB9D /* CustomTableViewCell.xib */; };
		11980F9A28A246CA00B1EB9D /* NetworkManager.swift in Sources */ = {isa = PBXBuildFile; fileRef = 11980F9928A246CA00B1EB9D /* NetworkManager.swift */; };
		DC23E3AF0198BD902F26CBF7 /* Pods_iOS6_HW25_Alexander_Strelkov.framework in Frameworks */ = {isa = PBXBuildFile; fileRef = 96D6952DE91766613315FA28 /* Pods_iOS6_HW25_Alexander_Strelkov.framework */; };
/* End PBXBuildFile section */

/* Begin PBXFileReference section */
		11980F7A289E662300B1EB9D /* iOS6-HW25-Alexander.Strelkov.app */ = {isa = PBXFileReference; explicitFileType = wrapper.application; includeInIndex = 0; path = "iOS6-HW25-Alexander.Strelkov.app"; sourceTree = BUILT_PRODUCTS_DIR; };
		11980F7D289E662300B1EB9D /* AppDelegate.swift */ = {isa = PBXFileReference; lastKnownFileType = sourcecode.swift; path = AppDelegate.swift; sourceTree = "<group>"; };
		11980F7F289E662300B1EB9D /* SceneDelegate.swift */ = {isa = PBXFileReference; lastKnownFileType = sourcecode.swift; path = SceneDelegate.swift; sourceTree = "<group>"; };
		11980F81289E662300B1EB9D /* ViewController.swift */ = {isa = PBXFileReference; lastKnownFileType = sourcecode.swift; path = ViewController.swift; sourceTree = "<group>"; };
		11980F84289E662300B1EB9D /* Base */ = {isa = PBXFileReference; lastKnownFileType = file.storyboard; name = Base; path = Base.lproj/Main.storyboard; sourceTree = "<group>"; };
		11980F86289E662600B1EB9D /* Assets.xcassets */ = {isa = PBXFileReference; lastKnownFileType = folder.assetcatalog; path = Assets.xcassets; sourceTree = "<group>"; };
		11980F89289E662600B1EB9D /* Base */ = {isa = PBXFileReference; lastKnownFileType = file.storyboard; name = Base; path = Base.lproj/LaunchScreen.storyboard; sourceTree = "<group>"; };
		11980F8B289E662600B1EB9D /* Info.plist */ = {isa = PBXFileReference; lastKnownFileType = text.plist.xml; path = Info.plist; sourceTree = "<group>"; };
		11980F93289E67F800B1EB9D /* MagicCards.swift */ = {isa = PBXFileReference; lastKnownFileType = sourcecode.swift; path = MagicCards.swift; sourceTree = "<group>"; };
		11980F95289E6AE500B1EB9D /* CustomTableViewCell.swift */ = {isa = PBXFileReference; lastKnownFileType = sourcecode.swift; path = CustomTableViewCell.swift; sourceTree = "<group>"; };
		11980F96289E6AE500B1EB9D /* CustomTableViewCell.xib */ = {isa = PBXFileReference; lastKnownFileType = file.xib; path = CustomTableViewCell.xib; sourceTree = "<group>"; };
		11980F9928A246CA00B1EB9D /* NetworkManager.swift */ = {isa = PBXFileReference; lastKnownFileType = sourcecode.swift; path = NetworkManager.swift; sourceTree = "<group>"; };
		2932E78C33D8643E8CA226FC /* Pods-iOS6-HW25-Alexander.Strelkov.release.xcconfig */ = {isa = PBXFileReference; includeInIndex = 1; lastKnownFileType = text.xcconfig; name = "Pods-iOS6-HW25-Alexander.Strelkov.release.xcconfig"; path = "Target Support Files/Pods-iOS6-HW25-Alexander.Strelkov/Pods-iOS6-HW25-Alexander.Strelkov.release.xcconfig"; sourceTree = "<group>"; };
		96D6952DE91766613315FA28 /* Pods_iOS6_HW25_Alexander_Strelkov.framework */ = {isa = PBXFileReference; explicitFileType = wrapper.framework; includeInIndex = 0; path = Pods_iOS6_HW25_Alexander_Strelkov.framework; sourceTree = BUILT_PRODUCTS_DIR; };
		F1A6E5323A17480768CFE686 /* Pods-iOS6-HW25-Alexander.Strelkov.debug.xcconfig */ = {isa = PBXFileReference; includeInIndex = 1; lastKnownFileType = text.xcconfig; name = "Pods-iOS6-HW25-Alexander.Strelkov.debug.xcconfig"; path = "Target Support Files/Pods-iOS6-HW25-Alexander.Strelkov/Pods-iOS6-HW25-Alexander.Strelkov.debug.xcconfig"; sourceTree = "<group>"; };
/* End PBXFileReference section */

/* Begin PBXFrameworksBuildPhase section */
		11980F77289E662300B1EB9D /* Frameworks */ = {
			isa = PBXFrameworksBuildPhase;
			buildActionMask = 2147483647;
			files = (
				DC23E3AF0198BD902F26CBF7 /* Pods_iOS6_HW25_Alexander_Strelkov.framework in Frameworks */,
			);
			runOnlyForDeploymentPostprocessing = 0;
		};
/* End PBXFrameworksBuildPhase section */

/* Begin PBXGroup section */
		11980F71289E662300B1EB9D = {
			isa = PBXGroup;
			children = (
				11980F7C289E662300B1EB9D /* iOS6-HW25-Alexander.Strelkov */,
				11980F7B289E662300B1EB9D /* Products */,
				FE860385A5D65415D561F1D8 /* Pods */,
				D8C5E921322042772E1CD712 /* Frameworks */,
			);
			sourceTree = "<group>";
		};
		11980F7B289E662300B1EB9D /* Products */ = {
			isa = PBXGroup;
			children = (
				11980F7A289E662300B1EB9D /* iOS6-HW25-Alexander.Strelkov.app */,
			);
			name = Products;
			sourceTree = "<group>";
		};
		11980F7C289E662300B1EB9D /* iOS6-HW25-Alexander.Strelkov */ = {
			isa = PBXGroup;
			children = (
				11980F92289E679700B1EB9D /* Sources */,
				11980F91289E679100B1EB9D /* Resources */,
			);
			path = "iOS6-HW25-Alexander.Strelkov";
			sourceTree = "<group>";
		};
		11980F91289E679100B1EB9D /* Resources */ = {
			isa = PBXGroup;
			children = (
				11980F83289E662300B1EB9D /* Main.storyboard */,
				11980F88289E662600B1EB9D /* LaunchScreen.storyboard */,
				11980F86289E662600B1EB9D /* Assets.xcassets */,
				11980F8B289E662600B1EB9D /* Info.plist */,
			);
			path = Resources;
			sourceTree = "<group>";
		};
		11980F92289E679700B1EB9D /* Sources */ = {
			isa = PBXGroup;
			children = (
				11980F7D289E662300B1EB9D /* AppDelegate.swift */,
				11980F7F289E662300B1EB9D /* SceneDelegate.swift */,
				11980F81289E662300B1EB9D /* ViewController.swift */,
				11980F93289E67F800B1EB9D /* MagicCards.swift */,
				11980F95289E6AE500B1EB9D /* CustomTableViewCell.swift */,
				11980F96289E6AE500B1EB9D /* CustomTableViewCell.xib */,
				11980F9928A246CA00B1EB9D /* NetworkManager.swift */,
			);
			path = Sources;
			sourceTree = "<group>";
		};
		D8C5E921322042772E1CD712 /* Frameworks */ = {
			isa = PBXGroup;
			children = (
				96D6952DE91766613315FA28 /* Pods_iOS6_HW25_Alexander_Strelkov.framework */,
			);
			name = Frameworks;
			sourceTree = "<group>";
		};
		FE860385A5D65415D561F1D8 /* Pods */ = {
			isa = PBXGroup;
			children = (
				F1A6E5323A17480768CFE686 /* Pods-iOS6-HW25-Alexander.Strelkov.debug.xcconfig */,
				2932E78C33D8643E8CA226FC /* Pods-iOS6-HW25-Alexander.Strelkov.release.xcconfig */,
			);
			path = Pods;
			sourceTree = "<group>";
		};
/* End PBXGroup section */

/* Begin PBXNativeTarget section */
		11980F79289E662300B1EB9D /* iOS6-HW25-Alexander.Strelkov */ = {
			isa = PBXNativeTarget;
			buildConfigurationList = 11980F8E289E662600B1EB9D /* Build configuration list for PBXNativeTarget "iOS6-HW25-Alexander.Strelkov" */;
			buildPhases = (
				1284FA4BCAC6D0FBC1DD0F1D /* [CP] Check Pods Manifest.lock */,
				11980F76289E662300B1EB9D /* Sources */,
				11980F77289E662300B1EB9D /* Frameworks */,
				11980F78289E662300B1EB9D /* Resources */,
				4E35370FF09641382CA78DDB /* [CP] Embed Pods Frameworks */,
			);
			buildRules = (
			);
			dependencies = (
			);
			name = "iOS6-HW25-Alexander.Strelkov";
			productName = "iOS6-HW25-Alexander.Strelkov";
			productReference = 11980F7A289E662300B1EB9D /* iOS6-HW25-Alexander.Strelkov.app */;
			productType = "com.apple.product-type.application";
		};
/* End PBXNativeTarget section */

/* Begin PBXProject section */
		11980F72289E662300B1EB9D /* Project object */ = {
			isa = PBXProject;
			attributes = {
				BuildIndependentTargetsInParallel = 1;
				LastSwiftUpdateCheck = 1300;
				LastUpgradeCheck = 1300;
				TargetAttributes = {
					11980F79289E662300B1EB9D = {
						CreatedOnToolsVersion = 13.0;
					};
				};
			};
			buildConfigurationList = 11980F75289E662300B1EB9D /* Build configuration list for PBXProject "iOS6-HW25-Alexander.Strelkov" */;
			compatibilityVersion = "Xcode 13.0";
			developmentRegion = en;
			hasScannedForEncodings = 0;
			knownRegions = (
				en,
				Base,
			);
			mainGroup = 11980F71289E662300B1EB9D;
			productRefGroup = 11980F7B289E662300B1EB9D /* Products */;
			projectDirPath = "";
			projectRoot = "";
			targets = (
				11980F79289E662300B1EB9D /* iOS6-HW25-Alexander.Strelkov */,
			);
		};
/* End PBXProject section */

/* Begin PBXResourcesBuildPhase section */
		11980F78289E662300B1EB9D /* Resources */ = {
			isa = PBXResourcesBuildPhase;
			buildActionMask = 2147483647;
			files = (
				11980F8A289E662600B1EB9D /* LaunchScreen.storyboard in Resources */,
				11980F87289E662600B1EB9D /* Assets.xcassets in Resources */,
				11980F98289E6AE500B1EB9D /* CustomTableViewCell.xib in Resources */,
				11980F85289E662300B1EB9D /* Main.storyboard in Resources */,
			);
			runOnlyForDeploymentPostprocessing = 0;
		};
/* End PBXResourcesBuildPhase section */

/* Begin PBXShellScriptBuildPhase section */
		1284FA4BCAC6D0FBC1DD0F1D /* [CP] Check Pods Manifest.lock */ = {
			isa = PBXShellScriptBuildPhase;
			buildActionMask = 2147483647;
			files = (
			);
			inputFileListPaths = (
			);
			inputPaths = (
				"${PODS_PODFILE_DIR_PATH}/Podfile.lock",
				"${PODS_ROOT}/Manifest.lock",
			);
			name = "[CP] Check Pods Manifest.lock";
			outputFileListPaths = (
			);
			outputPaths = (
				"$(DERIVED_FILE_DIR)/Pods-iOS6-HW25-Alexander.Strelkov-checkManifestLockResult.txt",
			);
			runOnlyForDeploymentPostprocessing = 0;
			shellPath = /bin/sh;
			shellScript = "diff \"${PODS_PODFILE_DIR_PATH}/Podfile.lock\" \"${PODS_ROOT}/Manifest.lock\" > /dev/null\nif [ $? != 0 ] ; then\n    # print error to STDERR\n    echo \"error: The sandbox is not in sync with the Podfile.lock. Run 'pod install' or update your CocoaPods installation.\" >&2\n    exit 1\nfi\n# This output is used by Xcode 'outputs' to avoid re-running this script phase.\necho \"SUCCESS\" > \"${SCRIPT_OUTPUT_FILE_0}\"\n";
			showEnvVarsInLog = 0;
		};
		4E35370FF09641382CA78DDB /* [CP] Embed Pods Frameworks */ = {
			isa = PBXShellScriptBuildPhase;
			buildActionMask = 2147483647;
			files = (
			);
			inputFileListPaths = (
				"${PODS_ROOT}/Target Support Files/Pods-iOS6-HW25-Alexander.Strelkov/Pods-iOS6-HW25-Alexander.Strelkov-frameworks-${CONFIGURATION}-input-files.xcfilelist",
			);
			name = "[CP] Embed Pods Frameworks";
			outputFileListPaths = (
				"${PODS_ROOT}/Target Support Files/Pods-iOS6-HW25-Alexander.Strelkov/Pods-iOS6-HW25-Alexander.Strelkov-frameworks-${CONFIGURATION}-output-files.xcfilelist",
			);
			runOnlyForDeploymentPostprocessing = 0;
			shellPath = /bin/sh;
			shellScript = "\"${PODS_ROOT}/Target Support Files/Pods-iOS6-HW25-Alexander.Strelkov/Pods-iOS6-HW25-Alexander.Strelkov-frameworks.sh\"\n";
			showEnvVarsInLog = 0;
		};
/* End PBXShellScriptBuildPhase section */

/* Begin PBXSourcesBuildPhase section */
		11980F76289E662300B1EB9D /* Sources */ = {
			isa = PBXSourcesBuildPhase;
			buildActionMask = 2147483647;
			files = (
				11980F9A28A246CA00B1EB9D /* NetworkManager.swift in Sources */,
				11980F82289E662300B1EB9D /* ViewController.swift in Sources */,
				11980F97289E6AE500B1EB9D /* CustomTableViewCell.swift in Sources */,
				11980F94289E67F800B1EB9D /* MagicCards.swift in Sources */,
				11980F7E289E662300B1EB9D /* AppDelegate.swift in Sources */,
				11980F80289E662300B1EB9D /* SceneDelegate.swift in Sources */,
			);
			runOnlyForDeploymentPostprocessing = 0;
		};
/* End PBXSourcesBuildPhase section */

/* Begin PBXVariantGroup section */
		11980F83289E662300B1EB9D /* Main.storyboard */ = {
			isa = PBXVariantGroup;
			children = (
				11980F84289E662300B1EB9D /* Base */,
			);
			name = Main.storyboard;
			sourceTree = "<group>";
		};
		11980F88289E662600B1EB9D /* LaunchScreen.storyboard */ = {
			isa = PBXVariantGroup;
			children = (
				11980F89289E662600B1EB9D /* Base */,
			);
			name = LaunchScreen.storyboard;
			sourceTree = "<group>";
		};
/* End PBXVariantGroup section */

/* Begin XCBuildConfiguration section */
		11980F8C289E662600B1EB9D /* Debug */ = {
			isa = XCBuildConfiguration;
			buildSettings = {
				ALWAYS_SEARCH_USER_PATHS = NO;
				CLANG_ANALYZER_NONNULL = YES;
				CLANG_ANALYZER_NUMBER_OBJECT_CONVERSION = YES_AGGRESSIVE;
				CLANG_CXX_LANGUAGE_STANDARD = "gnu++17";
				CLANG_CXX_LIBRARY = "libc++";
				CLANG_ENABLE_MODULES = YES;
				CLANG_ENABLE_OBJC_ARC = YES;
				CLANG_ENABLE_OBJC_WEAK = YES;
				CLANG_WARN_BLOCK_CAPTURE_AUTORELEASING = YES;
				CLANG_WARN_BOOL_CONVERSION = YES;
				CLANG_WARN_COMMA = YES;
				CLANG_WARN_CONSTANT_CONVERSION = YES;
				CLANG_WARN_DEPRECATED_OBJC_IMPLEMENTATIONS = YES;
				CLANG_WARN_DIRECT_OBJC_ISA_USAGE = YES_ERROR;
				CLANG_WARN_DOCUMENTATION_COMMENTS = YES;
				CLANG_WARN_EMPTY_BODY = YES;
				CLANG_WARN_ENUM_CONVERSION = YES;
				CLANG_WARN_INFINITE_RECURSION = YES;
				CLANG_WARN_INT_CONVERSION = YES;
				CLANG_WARN_NON_LITERAL_NULL_CONVERSION = YES;
				CLANG_WARN_OBJC_IMPLICIT_RETAIN_SELF = YES;
				CLANG_WARN_OBJC_LITERAL_CONVERSION = YES;
				CLANG_WARN_OBJC_ROOT_CLASS = YES_ERROR;
				CLANG_WARN_QUOTED_INCLUDE_IN_FRAMEWORK_HEADER = YES;
				CLANG_WARN_RANGE_LOOP_ANALYSIS = YES;
				CLANG_WARN_STRICT_PROTOTYPES = YES;
				CLANG_WARN_SUSPICIOUS_MOVE = YES;
				CLANG_WARN_UNGUARDED_AVAILABILITY = YES_AGGRESSIVE;
				CLANG_WARN_UNREACHABLE_CODE = YES;
				CLANG_WARN__DUPLICATE_METHOD_MATCH = YES;
				COPY_PHASE_STRIP = NO;
				DEBUG_INFORMATION_FORMAT = dwarf;
				ENABLE_STRICT_OBJC_MSGSEND = YES;
				ENABLE_TESTABILITY = YES;
				GCC_C_LANGUAGE_STANDARD = gnu11;
				GCC_DYNAMIC_NO_PIC = NO;
				GCC_NO_COMMON_BLOCKS = YES;
				GCC_OPTIMIZATION_LEVEL = 0;
				GCC_PREPROCESSOR_DEFINITIONS = (
					"DEBUG=1",
					"$(inherited)",
				);
				GCC_WARN_64_TO_32_BIT_CONVERSION = YES;
				GCC_WARN_ABOUT_RETURN_TYPE = YES_ERROR;
				GCC_WARN_UNDECLARED_SELECTOR = YES;
				GCC_WARN_UNINITIALIZED_AUTOS = YES_AGGRESSIVE;
				GCC_WARN_UNUSED_FUNCTION = YES;
				GCC_WARN_UNUSED_VARIABLE = YES;
				IPHONEOS_DEPLOYMENT_TARGET = 15.0;
				MTL_ENABLE_DEBUG_INFO = INCLUDE_SOURCE;
				MTL_FAST_MATH = YES;
				ONLY_ACTIVE_ARCH = YES;
				SDKROOT = iphoneos;
				SWIFT_ACTIVE_COMPILATION_CONDITIONS = DEBUG;
				SWIFT_OPTIMIZATION_LEVEL = "-Onone";
			};
			name = Debug;
		};
		11980F8D289E662600B1EB9D /* Release */ = {
			isa = XCBuildConfiguration;
			buildSettings = {
				ALWAYS_SEARCH_USER_PATHS = NO;
				CLANG_ANALYZER_NONNULL = YES;
				CLANG_ANALYZER_NUMBER_OBJECT_CONVERSION = YES_AGGRESSIVE;
				CLANG_CXX_LANGUAGE_STANDARD = "gnu++17";
				CLANG_CXX_LIBRARY = "libc++";
				CLANG_ENABLE_MODULES = YES;
				CLANG_ENABLE_OBJC_ARC = YES;
				CLANG_ENABLE_OBJC_WEAK = YES;
				CLANG_WARN_BLOCK_CAPTURE_AUTORELEASING = YES;
				CLANG_WARN_BOOL_CONVERSION = YES;
				CLANG_WARN_COMMA = YES;
				CLANG_WARN_CONSTANT_CONVERSION = YES;
				CLANG_WARN_DEPRECATED_OBJC_IMPLEMENTATIONS = YES;
				CLANG_WARN_DIRECT_OBJC_ISA_USAGE = YES_ERROR;
				CLANG_WARN_DOCUMENTATION_COMMENTS = YES;
				CLANG_WARN_EMPTY_BODY = YES;
				CLANG_WARN_ENUM_CONVERSION = YES;
				CLANG_WARN_INFINITE_RECURSION = YES;
				CLANG_WARN_INT_CONVERSION = YES;
				CLANG_WARN_NON_LITERAL_NULL_CONVERSION = YES;
				CLANG_WARN_OBJC_IMPLICIT_RETAIN_SELF = YES;
				CLANG_WARN_OBJC_LITERAL_CONVERSION = YES;
				CLANG_WARN_OBJC_ROOT_CLASS = YES_ERROR;
				CLANG_WARN_QUOTED_INCLUDE_IN_FRAMEWORK_HEADER = YES;
				CLANG_WARN_RANGE_LOOP_ANALYSIS = YES;
				CLANG_WARN_STRICT_PROTOTYPES = YES;
				CLANG_WARN_SUSPICIOUS_MOVE = YES;
				CLANG_WARN_UNGUARDED_AVAILABILITY = YES_AGGRESSIVE;
				CLANG_WARN_UNREACHABLE_CODE = YES;
				CLANG_WARN__DUPLICATE_METHOD_MATCH = YES;
				COPY_PHASE_STRIP = NO;
				DEBUG_INFORMATION_FORMAT = "dwarf-with-dsym";
				ENABLE_NS_ASSERTIONS = NO;
				ENABLE_STRICT_OBJC_MSGSEND = YES;
				GCC_C_LANGUAGE_STANDARD = gnu11;
				GCC_NO_COMMON_BLOCKS = YES;
				GCC_WARN_64_TO_32_BIT_CONVERSION = YES;
				GCC_WARN_ABOUT_RETURN_TYPE = YES_ERROR;
				GCC_WARN_UNDECLARED_SELECTOR = YES;
				GCC_WARN_UNINITIALIZED_AUTOS = YES_AGGRESSIVE;
				GCC_WARN_UNUSED_FUNCTION = YES;
				GCC_WARN_UNUSED_VARIABLE = YES;
				IPHONEOS_DEPLOYMENT_TARGET = 15.0;
				MTL_ENABLE_DEBUG_INFO = NO;
				MTL_FAST_MATH = YES;
				SDKROOT = iphoneos;
				SWIFT_COMPILATION_MODE = wholemodule;
				SWIFT_OPTIMIZATION_LEVEL = "-O";
				VALIDATE_PRODUCT = YES;
			};
			name = Release;
		};
		11980F8F289E662600B1EB9D /* Debug */ = {
			isa = XCBuildConfiguration;
			baseConfigurationReference = F1A6E5323A17480768CFE686 /* Pods-iOS6-HW25-Alexander.Strelkov.debug.xcconfig */;
			buildSettings = {
				ASSETCATALOG_COMPILER_APPICON_NAME = AppIcon;
				ASSETCATALOG_COMPILER_GLOBAL_ACCENT_COLOR_NAME = AccentColor;
				CODE_SIGN_STYLE = Automatic;
				CURRENT_PROJECT_VERSION = 1;
				DEVELOPMENT_TEAM = QWP4K38XSA;
				GENERATE_INFOPLIST_FILE = YES;
				INFOPLIST_FILE = "iOS6-HW25-Alexander.Strelkov/Resources/Info.plist";
				INFOPLIST_KEY_UIApplicationSupportsIndirectInputEvents = YES;
				INFOPLIST_KEY_UILaunchStoryboardName = LaunchScreen;
				INFOPLIST_KEY_UIMainStoryboardFile = Main;
				INFOPLIST_KEY_UISupportedInterfaceOrientations_iPad = "UIInterfaceOrientationPortrait UIInterfaceOrientationPortraitUpsideDown UIInterfaceOrientationLandscapeLeft UIInterfaceOrientationLandscapeRight";
				INFOPLIST_KEY_UISupportedInterfaceOrientations_iPhone = "UIInterfaceOrientationPortrait UIInterfaceOrientationLandscapeLeft UIInterfaceOrientationLandscapeRight";
				LD_RUNPATH_SEARCH_PATHS = (
					"$(inherited)",
					"@executable_path/Frameworks",
				);
				MARKETING_VERSION = 1.0;
				PRODUCT_BUNDLE_IDENTIFIER = "com.my.iOS6-HW25-Alexander-Strelkov";
				PRODUCT_NAME = "$(TARGET_NAME)";
				SWIFT_EMIT_LOC_STRINGS = YES;
				SWIFT_VERSION = 5.0;
				TARGETED_DEVICE_FAMILY = "1,2";
			};
			name = Debug;
		};
		11980F90289E662600B1EB9D /* Release */ = {
			isa = XCBuildConfiguration;
			baseConfigurationReference = 2932E78C33D8643E8CA226FC /* Pods-iOS6-HW25-Alexander.Strelkov.release.xcconfig */;
			buildSettings = {
				ASSETCATALOG_COMPILER_APPICON_NAME = AppIcon;
				ASSETCATALOG_COMPILER_GLOBAL_ACCENT_COLOR_NAME = AccentColor;
				CODE_SIGN_STYLE = Automatic;
				CURRENT_PROJECT_VERSION = 1;
				DEVELOPMENT_TEAM = QWP4K38XSA;
				GENERATE_INFOPLIST_FILE = YES;
				INFOPLIST_FILE = "iOS6-HW25-Alexander.Strelkov/Resources/Info.plist";
				INFOPLIST_KEY_UIApplicationSupportsIndirectInputEvents = YES;
				INFOPLIST_KEY_UILaunchStoryboardName = LaunchScreen;
				INFOPLIST_KEY_UIMainStoryboardFile = Main;
				INFOPLIST_KEY_UISupportedInterfaceOrientations_iPad = "UIInterfaceOrientationPortrait UIInterfaceOrientationPortraitUpsideDown UIInterfaceOrientationLandscapeLeft UIInterfaceOrientationLandscapeRight";
				INFOPLIST_KEY_UISupportedInterfaceOrientations_iPhone = "UIInterfaceOrientationPortrait UIInterfaceOrientationLandscapeLeft UIInterfaceOrientationLandscapeRight";
				LD_RUNPATH_SEARCH_PATHS = (
					"$(inherited)",
					"@executable_path/Frameworks",
				);
				MARKETING_VERSION = 1.0;
				PRODUCT_BUNDLE_IDENTIFIER = "com.my.iOS6-HW25-Alexander-Strelkov";
				PRODUCT_NAME = "$(TARGET_NAME)";
				SWIFT_EMIT_LOC_STRINGS = YES;
				SWIFT_VERSION = 5.0;
				TARGETED_DEVICE_FAMILY = "1,2";
			};
			name = Release;
		};
/* End XCBuildConfiguration section */

/* Begin XCConfigurationList section */
		11980F75289E662300B1EB9D /* Build configuration list for PBXProject "iOS6-HW25-Alexander.Strelkov" */ = {
			isa = XCConfigurationList;
			buildConfigurations = (
				11980F8C289E662600B1EB9D /* Debug */,
				11980F8D289E662600B1EB9D /* Release */,
			);
			defaultConfigurationIsVisible = 0;
			defaultConfigurationName = Release;
		};
		11980F8E289E662600B1EB9D /* Build configuration list for PBXNativeTarget "iOS6-HW25-Alexander.Strelkov" */ = {
			isa = XCConfigurationList;
			buildConfigurations = (
				11980F8F289E662600B1EB9D /* Debug */,
				11980F90289E662600B1EB9D /* Release */,
			);
			defaultConfigurationIsVisible = 0;
			defaultConfigurationName = Release;
		};
/* End XCConfigurationList section */
	};
	rootObject = 11980F72289E662300B1EB9D /* Project object */;
}
